
Microsoft Visual Studio Solution File, Format Version 12.00
# Visual Studio Version 17
VisualStudioVersion = 17.4.33213.308
MinimumVisualStudioVersion = 10.0.40219.1
Project("{FAE04EC0-301F-11D3-BF4B-00C04F79EFBC}") = "ReservationSystem.DAL", "ReservationSystem.DAL\ReservationSystem.DAL.csproj", "{B3F86AF7-B633-4F3A-B68F-3AFCEE82592B}"
EndProject
Project("{FAE04EC0-301F-11D3-BF4B-00C04F79EFBC}") = "ReservationSystem.BL", "ReservationSystem.BL\ReservationSystem.BL.csproj", "{5F703CC3-2400-4B5F-9BAF-6726619E5263}"
EndProject
Project("{FAE04EC0-301F-11D3-BF4B-00C04F79EFBC}") = "ReservationSystem.MVC", "ReservationSystem.MVC\ReservationSystem.MVC.csproj", "{712184E0-4843-4A7A-9F06-FE551508CD15}"
EndProject
Global
	GlobalSection(SolutionConfigurationPlatforms) = preSolution
		Debug|Any CPU = Debug|Any CPU
		Release|Any CPU = Release|Any CPU
	EndGlobalSection
	GlobalSection(ProjectConfigurationPlatforms) = postSolution
		{B3F86AF7-B633-4F3A-B68F-3AFCEE82592B}.Debug|Any CPU.ActiveCfg = Debug|Any CPU
		{B3F86AF7-B633-4F3A-B68F-3AFCEE82592B}.Debug|Any CPU.Build.0 = Debug|Any CPU
		{B3F86AF7-B633-4F3A-B68F-3AFCEE82592B}.Release|Any CPU.ActiveCfg = Release|Any CPU
		{B3F86AF7-B633-4F3A-B68F-3AFCEE82592B}.Release|Any CPU.Build.0 = Release|Any CPU
		{5F703CC3-2400-4B5F-9BAF-6726619E5263}.Debug|Any CPU.ActiveCfg = Debug|Any CPU
		{5F703CC3-2400-4B5F-9BAF-6726619E5263}.Debug|Any CPU.Build.0 = Debug|Any CPU
		{5F703CC3-2400-4B5F-9BAF-6726619E5263}.Release|Any CPU.ActiveCfg = Release|Any CPU
		{5F703CC3-2400-4B5F-9BAF-6726619E5263}.Release|Any CPU.Build.0 = Release|Any CPU
		{712184E0-4843-4A7A-9F06-FE551508CD15}.Debug|Any CPU.ActiveCfg = Debug|Any CPU
		{712184E0-4843-4A7A-9F06-FE551508CD15}.Debug|Any CPU.Build.0 = Debug|Any CPU
		{712184E0-4843-4A7A-9F06-FE551508CD15}.Release|Any CPU.ActiveCfg = Release|Any CPU
		{712184E0-4843-4A7A-9F06-FE551508CD15}.Release|Any CPU.Build.0 = Release|Any CPU
	EndGlobalSection
	GlobalSection(SolutionProperties) = preSolution
		HideSolutionNode = FALSE
	EndGlobalSection
	GlobalSection(ExtensibilityGlobals) = postSolution
		SolutionGuid = {936B5117-E54D-4191-BBD1-3241D82B2972}
	EndGlobalSection
EndGlobal
